
Microsoft Visual Studio Solution File, Format Version 12.00
# Visual Studio Version 17
VisualStudioVersion = 17.14.37502.11 d17.14
MinimumVisualStudioVersion = 10.0.40219.1
Project("{FAE04EC0-301F-11D3-BF4B-00C04F79EFBC}") = "CinemaTicketBookingAPI", "CinemaTicketBookingAPI.csproj", "{814BE503-EE80-4DF7-8B36-77E4E60B972E}"
EndProject
Global
	GlobalSection(SolutionConfigurationPlatforms) = preSolution
		Debug|Any CPU = Debug|Any CPU
		Release|Any CPU = Release|Any CPU
	EndGlobalSection
	GlobalSection(ProjectConfigurationPlatforms) = postSolution
		{814BE503-EE80-4DF7-8B36-77E4E60B972E}.Debug|Any CPU.ActiveCfg = Debug|Any CPU
		{814BE503-EE80-4DF7-8B36-77E4E60B972E}.Debug|Any CPU.Build.0 = Debug|Any CPU
		{814BE503-EE80-4DF7-8B36-77E4E60B972E}.Release|Any CPU.ActiveCfg = Release|Any CPU
		{814BE503-EE80-4DF7-8B36-77E4E60B972E}.Release|Any CPU.Build.0 = Release|Any CPU
	EndGlobalSection
	GlobalSection(SolutionProperties) = preSolution
		HideSolutionNode = FALSE
	EndGlobalSection
	GlobalSection(ExtensibilityGlobals) = postSolution
		SolutionGuid = {1A8E5FE0-383B-4528-93E1-AF4EF336BCB2}
	EndGlobalSection
EndGlobal
